{
  "name": "solar-ghi-noroeste-viewer",
  "lockfileVersion": 3,
  "requires": true,
  "packages": {
    "": {
      "dependencies": {
        "netcdfjs": "^3.0.0",
        "zarr": "^0.6.3"
      }
    },
    "node_modules/eventemitter3": {
      "version": "5.0.1",
      "resolved": "https://registry.npmjs.org/eventemitter3/-/eventemitter3-5.0.1.tgz",
      "integrity": "sha512-GWkBvjiSZK87ELrYOSESUYeVIc9mvLLf/nXalMOS5dYrgZq9o5OVkbZAVM06CVxYsCwH9BDZFPlQTlPA1j4ahA=="
    },
    "node_modules/iobuffer": {
      "version": "5.4.0",
      "resolved": "https://registry.npmjs.org/iobuffer/-/iobuffer-5.4.0.tgz",
      "integrity": "sha512-DRebOWuqDvxunfkNJAlc3IzWIPD5xVxwUNbHr7xKB8E6aLJxIPfNX3CoMJghcFjpv6RWQsrcJbghtEwSPoJqMA=="
    },
    "node_modules/netcdfjs": {
      "version": "3.0.0",
      "resolved": "https://registry.npmjs.org/netcdfjs/-/netcdfjs-3.0.0.tgz",
      "integrity": "sha512-LOvT8KkC308qtpUkcBPiCMBtii7ZQCN6LxcVheWgyUeZ6DQWcpSRFV9dcVXLj/2eHZ/bre9tV5HTH4Sf93vrFw==",
      "dependencies": {
        "iobuffer": "^5.3.2"
      }
    },
    "node_modules/numcodecs": {
      "version": "0.2.2",
      "resolved": "https://registry.npmjs.org/numcodecs/-/numcodecs-0.2.2.tgz",
      "integrity": "sha512-Y5K8mv80yb4MgVpcElBkUeMZqeE4TrovxRit/dTZvoRl6YkB6WEjY+fiUjGCblITnt3T3fmrDg8yRWu0gOLjhQ==",
      "engines": {
        "node": ">=12"
      }
    },
    "node_modules/p-queue": {
      "version": "7.4.1",
      "resolved": "https://registry.npmjs.org/p-queue/-/p-queue-7.4.1.tgz",
      "integrity": "sha512-vRpMXmIkYF2/1hLBKisKeVYJZ8S2tZ0zEAmIJgdVKP2nq0nh4qCdf8bgw+ZgKrkh71AOCaqzwbJJk1WtdcF3VA==",
      "dependencies": {
        "eventemitter3": "^5.0.1",
        "p-timeout": "^5.0.2"
      },
      "engines": {
        "node": ">=12"
      },
      "funding": {
        "url": "https://github.com/sponsors/sindresorhus"
      }
    },
    "node_modules/p-timeout": {
      "version": "5.1.0",
      "resolved": "https://registry.npmjs.org/p-timeout/-/p-timeout-5.1.0.tgz",
      "integrity": "sha512-auFDyzzzGZZZdHz3BtET9VEz0SE/uMEAx7uWfGPucfzEwwe/xH0iVeZibQmANYE/hp9T2+UUZT5m+BKyrDp3Ew==",
      "engines": {
        "node": ">=12"
      },
      "funding": {
        "url": "https://github.com/sponsors/sindresorhus"
      }
    },
    "node_modules/zarr": {
      "version": "0.6.3",
      "resolved": "https://registry.npmjs.org/zarr/-/zarr-0.6.3.tgz",
      "integrity": "sha512-v7g3i/NfLEHtGtCEX8zl9b/LMY+8BY7fIYvbNX3nskAhliMCY5mA12jlc8Rbe91hSwL/4Nh2d3fUcVmnthXQkQ==",
      "dependencies": {
        "numcodecs": "^0.2.2",
        "p-queue": "^7.1.0"
      },
      "engines": {
        "node": ">=12"
      }
    }
  }
}
